// !$*UTF8*$!
{
	archiveVersion = 1;
	classes = {
	};
	objectVersion = 56;
	objects = {

/* Begin PBXBuildFile section */
		55D1A0622B6FE35100B54037 /* Spider_Man_PongApp.swift in Sources */ = {isa = PBXBuildFile; fileRef = 55D1A0612B6FE35100B54037 /* Spider_Man_PongApp.swift */; };
		55D1A0642B6FE35100B54037 /* ContentView.swift in Sources */ = {isa = PBXBuildFile; fileRef = 55D1A0632B6FE35100B54037 /* ContentView.swift */; };
		55D1A0662B6FE35200B54037 /* Assets.xcassets in Resources */ = {isa = PBXBuildFile; fileRef = 55D1A0652B6FE35200B54037 /* Assets.xcassets */; };
		55D1A0692B6FE35200B54037 /* Preview Assets.xcassets in Resources */ = {isa = PBXBuildFile; fileRef = 55D1A0682B6FE35200B54037 /* Preview Assets.xcassets */; };
		55D1A0732B6FE35300B54037 /* Spider_Man_PongTests.swift in Sources */ = {isa = PBXBuildFile; fileRef = 55D1A0722B6FE35300B54037 /* Spider_Man_PongTests.swift */; };
		55D1A07D2B6FE35300B54037 /* Spider_Man_PongUITests.swift in Sources */ = {isa = PBXBuildFile; fileRef = 55D1A07C2B6FE35300B54037 /* Spider_Man_PongUITests.swift */; };
		55D1A07F2B6FE35300B54037 /* Spider_Man_PongUITestsLaunchTests.swift in Sources */ = {isa = PBXBuildFile; fileRef = 55D1A07E2B6FE35300B54037 /* Spider_Man_PongUITestsLaunchTests.swift */; };
		55D1A08C2B6FE4C900B54037 /* GameScene.sks in Resources */ = {isa = PBXBuildFile; fileRef = 55D1A08B2B6FE4C900B54037 /* GameScene.sks */; };
		55D1A08E2B6FE4FE00B54037 /* GameScene.swift in Sources */ = {isa = PBXBuildFile; fileRef = 55D1A08D2B6FE4FE00B54037 /* GameScene.swift */; };
/* End PBXBuildFile section */

/* Begin PBXContainerItemProxy section */
		55D1A06F2B6FE35300B54037 /* PBXContainerItemProxy */ = {
			isa = PBXContainerItemProxy;
			containerPortal = 55D1A0562B6FE35100B54037 /* Project object */;
			proxyType = 1;
			remoteGlobalIDString = 55D1A05D2B6FE35100B54037;
			remoteInfo = "Spider-Man Pong";
		};
		55D1A0792B6FE35300B54037 /* PBXContainerItemProxy */ = {
			isa = PBXContainerItemProxy;
			containerPortal = 55D1A0562B6FE35100B54037 /* Project object */;
			proxyType = 1;
			remoteGlobalIDString = 55D1A05D2B6FE35100B54037;
			remoteInfo = "Spider-Man Pong";
		};
/* End PBXContainerItemProxy section */

/* Begin PBXFileReference section */
		55D1A05E2B6FE35100B54037 /* Spider-Man Pong.app */ = {isa = PBXFileReference; explicitFileType = wrapper.application; includeInIndex = 0; path = "Spider-Man Pong.app"; sourceTree = BUILT_PRODUCTS_DIR; };
		55D1A0612B6FE35100B54037 /* Spider_Man_PongApp.swift */ = {isa = PBXFileReference; lastKnownFileType = sourcecode.swift; path = Spider_Man_PongApp.swift; sourceTree = "<group>"; };
		55D1A0632B6FE35100B54037 /* ContentView.swift */ = {isa = PBXFileReference; lastKnownFileType = sourcecode.swift; path = ContentView.swift; sourceTree = "<group>"; };
		55D1A0652B6FE35200B54037 /* Assets.xcassets */ = {isa = PBXFileReference; lastKnownFileType = folder.assetcatalog; path = Assets.xcassets; sourceTree = "<group>"; };
		55D1A0682B6FE35200B54037 /* Preview Assets.xcassets */ = {isa = PBXFileReference; lastKnownFileType = folder.assetcatalog; path = "Preview Assets.xcassets"; sourceTree = "<group>"; };
		55D1A06E2B6FE35300B54037 /* Spider-Man PongTests.xctest */ = {isa = PBXFileReference; explicitFileType = wrapper.cfbundle; includeInIndex = 0; path = "Spider-Man PongTests.xctest"; sourceTree = BUILT_PRODUCTS_DIR; };
		55D1A0722B6FE35300B54037 /* Spider_Man_PongTests.swift */ = {isa = PBXFileReference; lastKnownFileType = sourcecode.swift; path = Spider_Man_PongTests.swift; sourceTree = "<group>"; };
		55D1A0782B6FE35300B54037 /* Spider-Man PongUITests.xctest */ = {isa = PBXFileReference; explicitFileType = wrapper.cfbundle; includeInIndex = 0; path = "Spider-Man PongUITests.xctest"; sourceTree = BUILT_PRODUCTS_DIR; };
		55D1A07C2B6FE35300B54037 /* Spider_Man_PongUITests.swift */ = {isa = PBXFileReference; lastKnownFileType = sourcecode.swift; path = Spider_Man_PongUITests.swift; sourceTree = "<group>"; };
		55D1A07E2B6FE35300B54037 /* Spider_Man_PongUITestsLaunchTests.swift */ = {isa = PBXFileReference; lastKnownFileType = sourcecode.swift; path = Spider_Man_PongUITestsLaunchTests.swift; sourceTree = "<group>"; };
		55D1A08B2B6FE4C900B54037 /* GameScene.sks */ = {isa = PBXFileReference; lastKnownFileType = file.sks; path = GameScene.sks; sourceTree = "<group>"; };
		55D1A08D2B6FE4FE00B54037 /* GameScene.swift */ = {isa = PBXFileReference; lastKnownFileType = sourcecode.swift; path = GameScene.swift; sourceTree = "<group>"; };
/* End PBXFileReference section */

/* Begin PBXFrameworksBuildPhase section */
		55D1A05B2B6FE35100B54037 /* Frameworks */ = {
			isa = PBXFrameworksBuildPhase;
			buildActionMask = 2147483647;
			files = (
			);
			runOnlyForDeploymentPostprocessing = 0;
		};
		55D1A06B2B6FE35300B54037 /* Frameworks */ = {
			isa = PBXFrameworksBuildPhase;
			buildActionMask = 2147483647;
			files = (
			);
			runOnlyForDeploymentPostprocessing = 0;
		};
		55D1A0752B6FE35300B54037 /* Frameworks */ = {
			isa = PBXFrameworksBuildPhase;
			buildActionMask = 2147483647;
			files = (
			);
			runOnlyForDeploymentPostprocessing = 0;
		};
/* End PBXFrameworksBuildPhase section */

/* Begin PBXGroup section */
		55D1A0552B6FE35100B54037 = {
			isa = PBXGroup;
			children = (
				55D1A0602B6FE35100B54037 /* Spider-Man Pong */,
				55D1A0712B6FE35300B54037 /* Spider-Man PongTests */,
				55D1A07B2B6FE35300B54037 /* Spider-Man PongUITests */,
				55D1A05F2B6FE35100B54037 /* Products */,
			);
			sourceTree = "<group>";
		};
		55D1A05F2B6FE35100B54037 /* Products */ = {
			isa = PBXGroup;
			children = (
				55D1A05E2B6FE35100B54037 /* Spider-Man Pong.app */,
				55D1A06E2B6FE35300B54037 /* Spider-Man PongTests.xctest */,
				55D1A0782B6FE35300B54037 /* Spider-Man PongUITests.xctest */,
			);
			name = Products;
			sourceTree = "<group>";
		};
		55D1A0602B6FE35100B54037 /* Spider-Man Pong */ = {
			isa = PBXGroup;
			children = (
				55D1A0612B6FE35100B54037 /* Spider_Man_PongApp.swift */,
				55D1A0632B6FE35100B54037 /* ContentView.swift */,
				55D1A0652B6FE35200B54037 /* Assets.xcassets */,
				55D1A0672B6FE35200B54037 /* Preview Content */,
				55D1A08B2B6FE4C900B54037 /* GameScene.sks */,
				55D1A08D2B6FE4FE00B54037 /* GameScene.swift */,
			);
			path = "Spider-Man Pong";
			sourceTree = "<group>";
		};
		55D1A0672B6FE35200B54037 /* Preview Content */ = {
			isa = PBXGroup;
			children = (
				55D1A0682B6FE35200B54037 /* Preview Assets.xcassets */,
			);
			path = "Preview Content";
			sourceTree = "<group>";
		};
		55D1A0712B6FE35300B54037 /* Spider-Man PongTests */ = {
			isa = PBXGroup;
			children = (
				55D1A0722B6FE35300B54037 /* Spider_Man_PongTests.swift */,
			);
			path = "Spider-Man PongTests";
			sourceTree = "<group>";
		};
		55D1A07B2B6FE35300B54037 /* Spider-Man PongUITests */ = {
			isa = PBXGroup;
			children = (
				55D1A07C2B6FE35300B54037 /* Spider_Man_PongUITests.swift */,
				55D1A07E2B6FE35300B54037 /* Spider_Man_PongUITestsLaunchTests.swift */,
			);
			path = "Spider-Man PongUITests";
			sourceTree = "<group>";
		};
/* End PBXGroup section */

/* Begin PBXNativeTarget section */
		55D1A05D2B6FE35100B54037 /* Spider-Man Pong */ = {
			isa = PBXNativeTarget;
			buildConfigurationList = 55D1A0822B6FE35300B54037 /* Build configuration list for PBXNativeTarget "Spider-Man Pong" */;
			buildPhases = (
				55D1A05A2B6FE35100B54037 /* Sources */,
				55D1A05B2B6FE35100B54037 /* Frameworks */,
				55D1A05C2B6FE35100B54037 /* Resources */,
			);
			buildRules = (
			);
			dependencies = (
			);
			name = "Spider-Man Pong";
			productName = "Spider-Man Pong";
			productReference = 55D1A05E2B6FE35100B54037 /* Spider-Man Pong.app */;
			productType = "com.apple.product-type.application";
		};
		55D1A06D2B6FE35300B54037 /* Spider-Man PongTests */ = {
			isa = PBXNativeTarget;
			buildConfigurationList = 55D1A0852B6FE35300B54037 /* Build configuration list for PBXNativeTarget "Spider-Man PongTests" */;
			buildPhases = (
				55D1A06A2B6FE35300B54037 /* Sources */,
				55D1A06B2B6FE35300B54037 /* Frameworks */,
				55D1A06C2B6FE35300B54037 /* Resources */,
			);
			buildRules = (
			);
			dependencies = (
				55D1A0702B6FE35300B54037 /* PBXTargetDependency */,
			);
			name = "Spider-Man PongTests";
			productName = "Spider-Man PongTests";
			productReference = 55D1A06E2B6FE35300B54037 /* Spider-Man PongTests.xctest */;
			productType = "com.apple.product-type.bundle.unit-test";
		};
		55D1A0772B6FE35300B54037 /* Spider-Man PongUITests */ = {
			isa = PBXNativeTarget;
			buildConfigurationList = 55D1A0882B6FE35300B54037 /* Build configuration list for PBXNativeTarget "Spider-Man PongUITests" */;
			buildPhases = (
				55D1A0742B6FE35300B54037 /* Sources */,
				55D1A0752B6FE35300B54037 /* Frameworks */,
				55D1A0762B6FE35300B54037 /* Resources */,
			);
			buildRules = (
			);
			dependencies = (
				55D1A07A2B6FE35300B54037 /* PBXTargetDependency */,
			);
			name = "Spider-Man PongUITests";
			productName = "Spider-Man PongUITests";
			productReference = 55D1A0782B6FE35300B54037 /* Spider-Man PongUITests.xctest */;
			productType = "com.apple.product-type.bundle.ui-testing";
		};
/* End PBXNativeTarget section */

/* Begin PBXProject section */
		55D1A0562B6FE35100B54037 /* Project object */ = {
			isa = PBXProject;
			attributes = {
				BuildIndependentTargetsInParallel = 1;
				LastSwiftUpdateCheck = 1520;
				LastUpgradeCheck = 1520;
				TargetAttributes = {
					55D1A05D2B6FE35100B54037 = {
						CreatedOnToolsVersion = 15.2;
					};
					55D1A06D2B6FE35300B54037 = {
						CreatedOnToolsVersion = 15.2;
						TestTargetID = 55D1A05D2B6FE35100B54037;
					};
					55D1A0772B6FE35300B54037 = {
						CreatedOnToolsVersion = 15.2;
						TestTargetID = 55D1A05D2B6FE35100B54037;
					};
				};
			};
			buildConfigurationList = 55D1A0592B6FE35100B54037 /* Build configuration list for PBXProject "Spider-Man Pong" */;
			compatibilityVersion = "Xcode 14.0";
			developmentRegion = en;
			hasScannedForEncodings = 0;
			knownRegions = (
				en,
				Base,
			);
			mainGroup = 55D1A0552B6FE35100B54037;
			productRefGroup = 55D1A05F2B6FE35100B54037 /* Products */;
			projectDirPath = "";
			projectRoot = "";
			targets = (
				55D1A05D2B6FE35100B54037 /* Spider-Man Pong */,
				55D1A06D2B6FE35300B54037 /* Spider-Man PongTests */,
				55D1A0772B6FE35300B54037 /* Spider-Man PongUITests */,
			);
		};
/* End PBXProject section */

/* Begin PBXResourcesBuildPhase section */
		55D1A05C2B6FE35100B54037 /* Resources */ = {
			isa = PBXResourcesBuildPhase;
			buildActionMask = 2147483647;
			files = (
				55D1A0692B6FE35200B54037 /* Preview Assets.xcassets in Resources */,
				55D1A08C2B6FE4C900B54037 /* GameScene.sks in Resources */,
				55D1A0662B6FE35200B54037 /* Assets.xcassets in Resources */,
			);
			runOnlyForDeploymentPostprocessing = 0;
		};
		55D1A06C2B6FE35300B54037 /* Resources */ = {
			isa = PBXResourcesBuildPhase;
			buildActionMask = 2147483647;
			files = (
			);
			runOnlyForDeploymentPostprocessing = 0;
		};
		55D1A0762B6FE35300B54037 /* Resources */ = {
			isa = PBXResourcesBuildPhase;
			buildActionMask = 2147483647;
			files = (
			);
			runOnlyForDeploymentPostprocessing = 0;
		};
/* End PBXResourcesBuildPhase section */

/* Begin PBXSourcesBuildPhase section */
		55D1A05A2B6FE35100B54037 /* Sources */ = {
			isa = PBXSourcesBuildPhase;
			buildActionMask = 2147483647;
			files = (
				55D1A08E2B6FE4FE00B54037 /* GameScene.swift in Sources */,
				55D1A0642B6FE35100B54037 /* ContentView.swift in Sources */,
				55D1A0622B6FE35100B54037 /* Spider_Man_PongApp.swift in Sources */,
			);
			runOnlyForDeploymentPostprocessing = 0;
		};
		55D1A06A2B6FE35300B54037 /* Sources */ = {
			isa = PBXSourcesBuildPhase;
			buildActionMask = 2147483647;
			files = (
				55D1A0732B6FE35300B54037 /* Spider_Man_PongTests.swift in Sources */,
			);
			runOnlyForDeploymentPostprocessing = 0;
		};
		55D1A0742B6FE35300B54037 /* Sources */ = {
			isa = PBXSourcesBuildPhase;
			buildActionMask = 2147483647;
			files = (
				55D1A07F2B6FE35300B54037 /* Spider_Man_PongUITestsLaunchTests.swift in Sources */,
				55D1A07D2B6FE35300B54037 /* Spider_Man_PongUITests.swift in Sources */,
			);
			runOnlyForDeploymentPostprocessing = 0;
		};
/* End PBXSourcesBuildPhase section */

/* Begin PBXTargetDependency section */
		55D1A0702B6FE35300B54037 /* PBXTargetDependency */ = {
			isa = PBXTargetDependency;
			target = 55D1A05D2B6FE35100B54037 /* Spider-Man Pong */;
			targetProxy = 55D1A06F2B6FE35300B54037 /* PBXContainerItemProxy */;
		};
		55D1A07A2B6FE35300B54037 /* PBXTargetDependency */ = {
			isa = PBXTargetDependency;
			target = 55D1A05D2B6FE35100B54037 /* Spider-Man Pong */;
			targetProxy = 55D1A0792B6FE35300B54037 /* PBXContainerItemProxy */;
		};
/* End PBXTargetDependency section */

/* Begin XCBuildConfiguration section */
		55D1A0802B6FE35300B54037 /* Debug */ = {
			isa = XCBuildConfiguration;
			buildSettings = {
				ALWAYS_SEARCH_USER_PATHS = NO;
				ASSETCATALOG_COMPILER_GENERATE_SWIFT_ASSET_SYMBOL_EXTENSIONS = YES;
				CLANG_ANALYZER_NONNULL = YES;
				CLANG_ANALYZER_NUMBER_OBJECT_CONVERSION = YES_AGGRESSIVE;
				CLANG_CXX_LANGUAGE_STANDARD = "gnu++20";
				CLANG_ENABLE_MODULES = YES;
				CLANG_ENABLE_OBJC_ARC = YES;
				CLANG_ENABLE_OBJC_WEAK = YES;
				CLANG_WARN_BLOCK_CAPTURE_AUTORELEASING = YES;
				CLANG_WARN_BOOL_CONVERSION = YES;
				CLANG_WARN_COMMA = YES;
				CLANG_WARN_CONSTANT_CONVERSION = YES;
				CLANG_WARN_DEPRECATED_OBJC_IMPLEMENTATIONS = YES;
				CLANG_WARN_DIRECT_OBJC_ISA_USAGE = YES_ERROR;
				CLANG_WARN_DOCUMENTATION_COMMENTS = YES;
				CLANG_WARN_EMPTY_BODY = YES;
				CLANG_WARN_ENUM_CONVERSION = YES;
				CLANG_WARN_INFINITE_RECURSION = YES;
				CLANG_WARN_INT_CONVERSION = YES;
				CLANG_WARN_NON_LITERAL_NULL_CONVERSION = YES;
				CLANG_WARN_OBJC_IMPLICIT_RETAIN_SELF = YES;
				CLANG_WARN_OBJC_LITERAL_CONVERSION = YES;
				CLANG_WARN_OBJC_ROOT_CLASS = YES_ERROR;
				CLANG_WARN_QUOTED_INCLUDE_IN_FRAMEWORK_HEADER = YES;
				CLANG_WARN_RANGE_LOOP_ANALYSIS = YES;
				CLANG_WARN_STRICT_PROTOTYPES = YES;
				CLANG_WARN_SUSPICIOUS_MOVE = YES;
				CLANG_WARN_UNGUARDED_AVAILABILITY = YES_AGGRESSIVE;
				CLANG_WARN_UNREACHABLE_CODE = YES;
				CLANG_WARN__DUPLICATE_METHOD_MATCH = YES;
				COPY_PHASE_STRIP = NO;
				DEBUG_INFORMATION_FORMAT = dwarf;
				ENABLE_STRICT_OBJC_MSGSEND = YES;
				ENABLE_TESTABILITY = YES;
				ENABLE_USER_SCRIPT_SANDBOXING = YES;
				GCC_C_LANGUAGE_STANDARD = gnu17;
				GCC_DYNAMIC_NO_PIC = NO;
				GCC_NO_COMMON_BLOCKS = YES;
				GCC_OPTIMIZATION_LEVEL = 0;
				GCC_PREPROCESSOR_DEFINITIONS = (
					"DEBUG=1",
					"$(inherited)",
				);
				GCC_WARN_64_TO_32_BIT_CONVERSION = YES;
				GCC_WARN_ABOUT_RETURN_TYPE = YES_ERROR;
				GCC_WARN_UNDECLARED_SELECTOR = YES;
				GCC_WARN_UNINITIALIZED_AUTOS = YES_AGGRESSIVE;
				GCC_WARN_UNUSED_FUNCTION = YES;
				GCC_WARN_UNUSED_VARIABLE = YES;
				IPHONEOS_DEPLOYMENT_TARGET = 17.2;
				LOCALIZATION_PREFERS_STRING_CATALOGS = YES;
				MTL_ENABLE_DEBUG_INFO = INCLUDE_SOURCE;
				MTL_FAST_MATH = YES;
				ONLY_ACTIVE_ARCH = YES;
				SDKROOT = iphoneos;
				SWIFT_ACTIVE_COMPILATION_CONDITIONS = "DEBUG $(inherited)";
				SWIFT_OPTIMIZATION_LEVEL = "-Onone";
			};
			name = Debug;
		};
		55D1A0812B6FE35300B54037 /* Release */ = {
			isa = XCBuildConfiguration;
			buildSettings = {
				ALWAYS_SEARCH_USER_PATHS = NO;
				ASSETCATALOG_COMPILER_GENERATE_SWIFT_ASSET_SYMBOL_EXTENSIONS = YES;
				CLANG_ANALYZER_NONNULL = YES;
				CLANG_ANALYZER_NUMBER_OBJECT_CONVERSION = YES_AGGRESSIVE;
				CLANG_CXX_LANGUAGE_STANDARD = "gnu++20";
				CLANG_ENABLE_MODULES = YES;
				CLANG_ENABLE_OBJC_ARC = YES;
				CLANG_ENABLE_OBJC_WEAK = YES;
				CLANG_WARN_BLOCK_CAPTURE_AUTORELEASING = YES;
				CLANG_WARN_BOOL_CONVERSION = YES;
				CLANG_WARN_COMMA = YES;
				CLANG_WARN_CONSTANT_CONVERSION = YES;
				CLANG_WARN_DEPRECATED_OBJC_IMPLEMENTATIONS = YES;
				CLANG_WARN_DIRECT_OBJC_ISA_USAGE = YES_ERROR;
				CLANG_WARN_DOCUMENTATION_COMMENTS = YES;
				CLANG_WARN_EMPTY_BODY = YES;
				CLANG_WARN_ENUM_CONVERSION = YES;
				CLANG_WARN_INFINITE_RECURSION = YES;
				CLANG_WARN_INT_CONVERSION = YES;
				CLANG_WARN_NON_LITERAL_NULL_CONVERSION = YES;
				CLANG_WARN_OBJC_IMPLICIT_RETAIN_SELF = YES;
				CLANG_WARN_OBJC_LITERAL_CONVERSION = YES;
				CLANG_WARN_OBJC_ROOT_CLASS = YES_ERROR;
				CLANG_WARN_QUOTED_INCLUDE_IN_FRAMEWORK_HEADER = YES;
				CLANG_WARN_RANGE_LOOP_ANALYSIS = YES;
				CLANG_WARN_STRICT_PROTOTYPES = YES;
				CLANG_WARN_SUSPICIOUS_MOVE = YES;
				CLANG_WARN_UNGUARDED_AVAILABILITY = YES_AGGRESSIVE;
				CLANG_WARN_UNREACHABLE_CODE = YES;
				CLANG_WARN__DUPLICATE_METHOD_MATCH = YES;
				COPY_PHASE_STRIP = NO;
				DEBUG_INFORMATION_FORMAT = "dwarf-with-dsym";
				ENABLE_NS_ASSERTIONS = NO;
				ENABLE_STRICT_OBJC_MSGSEND = YES;
				ENABLE_USER_SCRIPT_SANDBOXING = YES;
				GCC_C_LANGUAGE_STANDARD = gnu17;
				GCC_NO_COMMON_BLOCKS = YES;
				GCC_WARN_64_TO_32_BIT_CONVERSION = YES;
				GCC_WARN_ABOUT_RETURN_TYPE = YES_ERROR;
				GCC_WARN_UNDECLARED_SELECTOR = YES;
				GCC_WARN_UNINITIALIZED_AUTOS = YES_AGGRESSIVE;
				GCC_WARN_UNUSED_FUNCTION = YES;
				GCC_WARN_UNUSED_VARIABLE = YES;
				IPHONEOS_DEPLOYMENT_TARGET = 17.2;
				LOCALIZATION_PREFERS_STRING_CATALOGS = YES;
				MTL_ENABLE_DEBUG_INFO = NO;
				MTL_FAST_MATH = YES;
				SDKROOT = iphoneos;
				SWIFT_COMPILATION_MODE = wholemodule;
				VALIDATE_PRODUCT = YES;
			};
			name = Release;
		};
		55D1A0832B6FE35300B54037 /* Debug */ = {
			isa = XCBuildConfiguration;
			buildSettings = {
				ASSETCATALOG_COMPILER_APPICON_NAME = AppIcon;
				ASSETCATALOG_COMPILER_GLOBAL_ACCENT_COLOR_NAME = AccentColor;
				CODE_SIGN_STYLE = Automatic;
				CURRENT_PROJECT_VERSION = 1;
				DEVELOPMENT_ASSET_PATHS = "\"Spider-Man Pong/Preview Content\"";
				DEVELOPMENT_TEAM = P7FYQ2HW53;
				ENABLE_PREVIEWS = YES;
				GENERATE_INFOPLIST_FILE = YES;
				INFOPLIST_KEY_UIApplicationSceneManifest_Generation = YES;
				INFOPLIST_KEY_UIApplicationSupportsIndirectInputEvents = YES;
				INFOPLIST_KEY_UILaunchScreen_Generation = YES;
				INFOPLIST_KEY_UISupportedInterfaceOrientations_iPad = "UIInterfaceOrientationPortrait UIInterfaceOrientationPortraitUpsideDown UIInterfaceOrientationLandscapeLeft UIInterfaceOrientationLandscapeRight";
				INFOPLIST_KEY_UISupportedInterfaceOrientations_iPhone = "UIInterfaceOrientationPortrait UIInterfaceOrientationLandscapeLeft UIInterfaceOrientationLandscapeRight";
				LD_RUNPATH_SEARCH_PATHS = (
					"$(inherited)",
					"@executable_path/Frameworks",
				);
				MARKETING_VERSION = 1.0;
				PRODUCT_BUNDLE_IDENTIFIER = "com.Richard.Spider-Man-Pong";
				PRODUCT_NAME = "$(TARGET_NAME)";
				SWIFT_EMIT_LOC_STRINGS = YES;
				SWIFT_VERSION = 5.0;
				TARGETED_DEVICE_FAMILY = "1,2";
			};
			name = Debug;
		};
		55D1A0842B6FE35300B54037 /* Release */ = {
			isa = XCBuildConfiguration;
			buildSettings = {
				ASSETCATALOG_COMPILER_APPICON_NAME = AppIcon;
				ASSETCATALOG_COMPILER_GLOBAL_ACCENT_COLOR_NAME = AccentColor;
				CODE_SIGN_STYLE = Automatic;
				CURRENT_PROJECT_VERSION = 1;
				DEVELOPMENT_ASSET_PATHS = "\"Spider-Man Pong/Preview Content\"";
				DEVELOPMENT_TEAM = P7FYQ2HW53;
				ENABLE_PREVIEWS = YES;
				GENERATE_INFOPLIST_FILE = YES;
				INFOPLIST_KEY_UIApplicationSceneManifest_Generation = YES;
				INFOPLIST_KEY_UIApplicationSupportsIndirectInputEvents = YES;
				INFOPLIST_KEY_UILaunchScreen_Generation = YES;
				INFOPLIST_KEY_UISupportedInterfaceOrientations_iPad = "UIInterfaceOrientationPortrait UIInterfaceOrientationPortraitUpsideDown UIInterfaceOrientationLandscapeLeft UIInterfaceOrientationLandscapeRight";
				INFOPLIST_KEY_UISupportedInterfaceOrientations_iPhone = "UIInterfaceOrientationPortrait UIInterfaceOrientationLandscapeLeft UIInterfaceOrientationLandscapeRight";
				LD_RUNPATH_SEARCH_PATHS = (
					"$(inherited)",
					"@executable_path/Frameworks",
				);
				MARKETING_VERSION = 1.0;
				PRODUCT_BUNDLE_IDENTIFIER = "com.Richard.Spider-Man-Pong";
				PRODUCT_NAME = "$(TARGET_NAME)";
				SWIFT_EMIT_LOC_STRINGS = YES;
				SWIFT_VERSION = 5.0;
				TARGETED_DEVICE_FAMILY = "1,2";
			};
			name = Release;
		};
		55D1A0862B6FE35300B54037 /* Debug */ = {
			isa = XCBuildConfiguration;
			buildSettings = {
				ALWAYS_EMBED_SWIFT_STANDARD_LIBRARIES = YES;
				BUNDLE_LOADER = "$(TEST_HOST)";
				CODE_SIGN_STYLE = Automatic;
				CURRENT_PROJECT_VERSION = 1;
				DEVELOPMENT_TEAM = P7FYQ2HW53;
				GENERATE_INFOPLIST_FILE = YES;
				IPHONEOS_DEPLOYMENT_TARGET = 17.2;
				MARKETING_VERSION = 1.0;
				PRODUCT_BUNDLE_IDENTIFIER = "com.Richard.Spider-Man-PongTests";
				PRODUCT_NAME = "$(TARGET_NAME)";
				SWIFT_EMIT_LOC_STRINGS = NO;
				SWIFT_VERSION = 5.0;
				TARGETED_DEVICE_FAMILY = "1,2";
				TEST_HOST = "$(BUILT_PRODUCTS_DIR)/Spider-Man Pong.app/$(BUNDLE_EXECUTABLE_FOLDER_PATH)/Spider-Man Pong";
			};
			name = Debug;
		};
		55D1A0872B6FE35300B54037 /* Release */ = {
			isa = XCBuildConfiguration;
			buildSettings = {
				ALWAYS_EMBED_SWIFT_STANDARD_LIBRARIES = YES;
				BUNDLE_LOADER = "$(TEST_HOST)";
				CODE_SIGN_STYLE = Automatic;
				CURRENT_PROJECT_VERSION = 1;
				DEVELOPMENT_TEAM = P7FYQ2HW53;
				GENERATE_INFOPLIST_FILE = YES;
				IPHONEOS_DEPLOYMENT_TARGET = 17.2;
				MARKETING_VERSION = 1.0;
				PRODUCT_BUNDLE_IDENTIFIER = "com.Richard.Spider-Man-PongTests";
				PRODUCT_NAME = "$(TARGET_NAME)";
				SWIFT_EMIT_LOC_STRINGS = NO;
				SWIFT_VERSION = 5.0;
				TARGETED_DEVICE_FAMILY = "1,2";
				TEST_HOST = "$(BUILT_PRODUCTS_DIR)/Spider-Man Pong.app/$(BUNDLE_EXECUTABLE_FOLDER_PATH)/Spider-Man Pong";
			};
			name = Release;
		};
		55D1A0892B6FE35300B54037 /* Debug */ = {
			isa = XCBuildConfiguration;
			buildSettings = {
				ALWAYS_EMBED_SWIFT_STANDARD_LIBRARIES = YES;
				CODE_SIGN_STYLE = Automatic;
				CURRENT_PROJECT_VERSION = 1;
				DEVELOPMENT_TEAM = P7FYQ2HW53;
				GENERATE_INFOPLIST_FILE = YES;
				MARKETING_VERSION = 1.0;
				PRODUCT_BUNDLE_IDENTIFIER = "com.Richard.Spider-Man-PongUITests";
				PRODUCT_NAME = "$(TARGET_NAME)";
				SWIFT_EMIT_LOC_STRINGS = NO;
				SWIFT_VERSION = 5.0;
				TARGETED_DEVICE_FAMILY = "1,2";
				TEST_TARGET_NAME = "Spider-Man Pong";
			};
			name = Debug;
		};
		55D1A08A2B6FE35300B54037 /* Release */ = {
			isa = XCBuildConfiguration;
			buildSettings = {
				ALWAYS_EMBED_SWIFT_STANDARD_LIBRARIES = YES;
				CODE_SIGN_STYLE = Automatic;
				CURRENT_PROJECT_VERSION = 1;
				DEVELOPMENT_TEAM = P7FYQ2HW53;
				GENERATE_INFOPLIST_FILE = YES;
				MARKETING_VERSION = 1.0;
				PRODUCT_BUNDLE_IDENTIFIER = "com.Richard.Spider-Man-PongUITests";
				PRODUCT_NAME = "$(TARGET_NAME)";
				SWIFT_EMIT_LOC_STRINGS = NO;
				SWIFT_VERSION = 5.0;
				TARGETED_DEVICE_FAMILY = "1,2";
				TEST_TARGET_NAME = "Spider-Man Pong";
			};
			name = Release;
		};
/* End XCBuildConfiguration section */

/* Begin XCConfigurationList section */
		55D1A0592B6FE35100B54037 /* Build configuration list for PBXProject "Spider-Man Pong" */ = {
			isa = XCConfigurationList;
			buildConfigurations = (
				55D1A0802B6FE35300B54037 /* Debug */,
				55D1A0812B6FE35300B54037 /* Release */,
			);
			defaultConfigurationIsVisible = 0;
			defaultConfigurationName = Release;
		};
		55D1A0822B6FE35300B54037 /* Build configuration list for PBXNativeTarget "Spider-Man Pong" */ = {
			isa = XCConfigurationList;
			buildConfigurations = (
				55D1A0832B6FE35300B54037 /* Debug */,
				55D1A0842B6FE35300B54037 /* Release */,
			);
			defaultConfigurationIsVisible = 0;
			defaultConfigurationName = Release;
		};
		55D1A0852B6FE35300B54037 /* Build configuration list for PBXNativeTarget "Spider-Man PongTests" */ = {
			isa = XCConfigurationList;
			buildConfigurations = (
				55D1A0862B6FE35300B54037 /* Debug */,
				55D1A0872B6FE35300B54037 /* Release */,
			);
			defaultConfigurationIsVisible = 0;
			defaultConfigurationName = Release;
		};
		55D1A0882B6FE35300B54037 /* Build configuration list for PBXNativeTarget "Spider-Man PongUITests" */ = {
			isa = XCConfigurationList;
			buildConfigurations = (
				55D1A0892B6FE35300B54037 /* Debug */,
				55D1A08A2B6FE35300B54037 /* Release */,
			);
			defaultConfigurationIsVisible = 0;
			defaultConfigurationName = Release;
		};
/* End XCConfigurationList section */
	};
	rootObject = 55D1A0562B6FE35100B54037 /* Project object */;
}
